
Microsoft Visual Studio Solution File, Format Version 12.00
# Visual Studio 15
Project("{FAE04EC0-301F-11D3-BF4B-00C04F79EFBC}") = "Unity.Timeline", "Unity.Timeline.csproj", "{BD620523-3E32-3B70-8027-FA4E42DF747C}"
EndProject
Project("{FAE04EC0-301F-11D3-BF4B-00C04F79EFBC}") = "Unity.RenderPipelines.GPUDriven.Runtime", "Unity.RenderPipelines.GPUDriven.Runtime.csproj", "{B1029A63-E1F4-AE24-B69C-3BB01056D4E9}"
EndProject
Project("{FAE04EC0-301F-11D3-BF4B-00C04F79EFBC}") = "Unity.PlasticSCM.Editor", "Unity.PlasticSCM.Editor.csproj", "{9B0053A7-9282-6D3C-786D-AC823FA555DF}"
EndProject
Project("{FAE04EC0-301F-11D3-BF4B-00C04F79EFBC}") = "Unity.ShaderGraph.Editor", "Unity.ShaderGraph.Editor.csproj", "{616BE898-B54A-FDAC-1892-B13D9B1230DE}"
EndProject
Project("{FAE04EC0-301F-11D3-BF4B-00C04F79EFBC}") = "Unity.ProBuilder", "Unity.ProBuilder.csproj", "{0ACE47E5-0BED-7CD5-198F-71EE0ED41FC3}"
EndProject
Project("{FAE04EC0-301F-11D3-BF4B-00C04F79EFBC}") = "Unity.RenderPipelines.Core.Runtime", "Unity.RenderPipelines.Core.Runtime.csproj", "{33E36DEB-553B-79B1-FBAC-B825970D068A}"
EndProject
Project("{FAE04EC0-301F-11D3-BF4B-00C04F79EFBC}") = "Unity.Timeline.Editor", "Unity.Timeline.Editor.csproj", "{16D207FB-447D-F1F5-8C63-C1639B4CA932}"
EndProject
Project("{FAE04EC0-301F-11D3-BF4B-00C04F79EFBC}") = "Unity.Multiplayer.Center.Editor", "Unity.Multiplayer.Center.Editor.csproj", "{1E812E53-F3B1-2C2A-DEFF-BD95CE751864}"
EndProject
Project("{FAE04EC0-301F-11D3-BF4B-00C04F79EFBC}") = "Unity.RenderPipelines.Core.Editor", "Unity.RenderPipelines.Core.Editor.csproj", "{AEB86FA5-0C5B-9C2D-AD23-62CB1668BE7A}"
EndProject
Project("{FAE04EC0-301F-11D3-BF4B-00C04F79EFBC}") = "Unity.Collections", "Unity.Collections.csproj", "{FC85FF99-66A4-DFE5-F076-CAE81F275A54}"
EndProject
Project("{FAE04EC0-301F-11D3-BF4B-00C04F79EFBC}") = "UnityEngine.UI", "UnityEngine.UI.csproj", "{E2188863-BCFF-F708-5C4D-6F7F5D92DF39}"
EndProject
Project("{FAE04EC0-301F-11D3-BF4B-00C04F79EFBC}") = "Unity.ProBuilder.Poly2Tri", "Unity.ProBuilder.Poly2Tri.csproj", "{15CF401A-2319-3D80-DB05-C06CE26B06D9}"
EndProject
Project("{FAE04EC0-301F-11D3-BF4B-00C04F79EFBC}") = "Unity.VisualScripting.Core.Editor", "Unity.VisualScripting.Core.Editor.csproj", "{D30E535E-1BB7-D442-8F2D-8CF17C281DF9}"
EndProject
Project("{FAE04EC0-301F-11D3-BF4B-00C04F79EFBC}") = "Unity.PerformanceTesting.Editor", "Unity.PerformanceTesting.Editor.csproj", "{A83C112A-24E5-29A8-55B9-28BC89FF3835}"
EndProject
Project("{FAE04EC0-301F-11D3-BF4B-00C04F79EFBC}") = "UnityEngine.TestRunner", "UnityEngine.TestRunner.csproj", "{32C95826-66E7-FF86-918B-DD5192453134}"
EndProject
Project("{FAE04EC0-301F-11D3-BF4B-00C04F79EFBC}") = "Unity.Burst", "Unity.Burst.csproj", "{7252AA32-D36B-993C-510D-5276B16A58F3}"
EndProject
Project("{FAE04EC0-301F-11D3-BF4B-00C04F79EFBC}") = "Unity.VisualScripting.Flow.Editor", "Unity.VisualScripting.Flow.Editor.csproj", "{B3880E07-7477-C62D-251B-559C87EB04E9}"
EndProject
Project("{FAE04EC0-301F-11D3-BF4B-00C04F79EFBC}") = "Unity.ProBuilder.Csg", "Unity.ProBuilder.Csg.csproj", "{ED828B17-BE5F-6FFC-C629-9FFF3760220F}"
EndProject
Project("{FAE04EC0-301F-11D3-BF4B-00C04F79EFBC}") = "Unity.VisualStudio.Editor", "Unity.VisualStudio.Editor.csproj", "{8312722E-3831-635D-FBD2-309DD6A07658}"
EndProject
Project("{FAE04EC0-301F-11D3-BF4B-00C04F79EFBC}") = "Unity.Searcher.Editor", "Unity.Searcher.Editor.csproj", "{9808C528-3B94-5B86-DCD0-2562F24CA7E9}"
EndProject
Project("{FAE04EC0-301F-11D3-BF4B-00C04F79EFBC}") = "Unity.ProBuilder.Editor", "Unity.ProBuilder.Editor.csproj", "{9860FFED-D409-8F56-2B75-0FEA0CE61AFA}"
EndProject
Project("{FAE04EC0-301F-11D3-BF4B-00C04F79EFBC}") = "UnityEditor.TestRunner", "UnityEditor.TestRunner.csproj", "{46BC6760-99B6-C534-E1DC-96A5C726D19A}"
EndProject
Project("{FAE04EC0-301F-11D3-BF4B-00C04F79EFBC}") = "Unity.VisualScripting.Core", "Unity.VisualScripting.Core.csproj", "{566232E7-4E51-F8AD-749F-648F0612709B}"
EndProject
Project("{FAE04EC0-301F-11D3-BF4B-00C04F79EFBC}") = "Unity.UnifiedRayTracing.Runtime", "Unity.UnifiedRayTracing.Runtime.csproj", "{4D578DCB-2D29-D421-0761-48E5D3E00256}"
EndProject
Project("{FAE04EC0-301F-11D3-BF4B-00C04F79EFBC}") = "Unity.AI.Navigation.Editor.ConversionSystem", "Unity.AI.Navigation.Editor.ConversionSystem.csproj", "{7B692FC9-D475-7337-E63F-0288D23A2CC8}"
EndProject
Project("{FAE04EC0-301F-11D3-BF4B-00C04F79EFBC}") = "Unity.VisualScripting.State.Editor", "Unity.VisualScripting.State.Editor.csproj", "{DBC27081-CA9D-2DA4-8236-1D6DD893F04B}"
EndProject
Project("{FAE04EC0-301F-11D3-BF4B-00C04F79EFBC}") = "Unity.TestTools.CodeCoverage.Editor", "Unity.TestTools.CodeCoverage.Editor.csproj", "{907DA4B8-0B01-D0BA-CB5B-FDE765AAFAC4}"
EndProject
Project("{FAE04EC0-301F-11D3-BF4B-00C04F79EFBC}") = "Unity.Burst.CodeGen", "Unity.Burst.CodeGen.csproj", "{34E5C4A0-2DAE-A048-5A2F-ED0C8B49D560}"
EndProject
Project("{FAE04EC0-301F-11D3-BF4B-00C04F79EFBC}") = "Unity.VisualScripting.Flow", "Unity.VisualScripting.Flow.csproj", "{AB2B774C-3321-8CFF-8B0A-D02EE6BEA698}"
EndProject
Project("{FAE04EC0-301F-11D3-BF4B-00C04F79EFBC}") = "Unity.PerformanceTesting", "Unity.PerformanceTesting.csproj", "{2D289B8D-0AD7-BDF0-8D12-AD587B3518F3}"
EndProject
Project("{FAE04EC0-301F-11D3-BF4B-00C04F79EFBC}") = "Unity.TestTools.CodeCoverage.Editor.OpenCover.Model", "Unity.TestTools.CodeCoverage.Editor.OpenCover.Model.csproj", "{81516DEF-EE5F-52BC-64FB-40ACC4C9CF97}"
EndProject
Project("{FAE04EC0-301F-11D3-BF4B-00C04F79EFBC}") = "Unity.TextMeshPro", "Unity.TextMeshPro.csproj", "{99856EE1-4038-9632-EDFF-7D3E16061D4D}"
EndProject
Project("{FAE04EC0-301F-11D3-BF4B-00C04F79EFBC}") = "Unity.TextMeshPro.Editor", "Unity.TextMeshPro.Editor.csproj", "{BAEE3A70-2FEE-2F1A-2DF0-9EF58FC1ADE6}"
EndProject
Project("{FAE04EC0-301F-11D3-BF4B-00C04F79EFBC}") = "Unity.Burst.Editor", "Unity.Burst.Editor.csproj", "{F3133916-79DB-ABB4-CD4E-75112F879E42}"
EndProject
Project("{FAE04EC0-301F-11D3-BF4B-00C04F79EFBC}") = "Unity.TestTools.CodeCoverage.Editor.OpenCover.Mono.Reflection", "Unity.TestTools.CodeCoverage.Editor.OpenCover.Mono.Reflection.csproj", "{88C4C5AC-D7EC-DF58-EC9E-E6F8BA0699A8}"
EndProject
Project("{FAE04EC0-301F-11D3-BF4B-00C04F79EFBC}") = "Unity.Rider.Editor", "Unity.Rider.Editor.csproj", "{6EEE263A-77ED-2D6C-98C8-1188274BF316}"
EndProject
Project("{FAE04EC0-301F-11D3-BF4B-00C04F79EFBC}") = "Unity.VisualScripting.State", "Unity.VisualScripting.State.csproj", "{873C0C9E-8321-048F-72F8-0340C2125FFA}"
EndProject
Project("{FAE04EC0-301F-11D3-BF4B-00C04F79EFBC}") = "Unity.AI.Navigation.Updater", "Unity.AI.Navigation.Updater.csproj", "{4589CFD7-2DBB-5453-0620-FFB522F41714}"
EndProject
Project("{FAE04EC0-301F-11D3-BF4B-00C04F79EFBC}") = "Unity.Performance.Profile-Analyzer.Editor", "Unity.Performance.Profile-Analyzer.Editor.csproj", "{DDFC79B1-8F7B-5FFF-261F-F17C722EA882}"
EndProject
Project("{FAE04EC0-301F-11D3-BF4B-00C04F79EFBC}") = "UnityEditor.UI", "UnityEditor.UI.csproj", "{ED35437E-D2EA-58DF-79AC-8CDD88874135}"
EndProject
Project("{FAE04EC0-301F-11D3-BF4B-00C04F79EFBC}") = "Unity.AI.Navigation.Editor", "Unity.AI.Navigation.Editor.csproj", "{9CC12002-2ACE-6610-AFBE-DD6320797D94}"
EndProject
Project("{FAE04EC0-301F-11D3-BF4B-00C04F79EFBC}") = "Unity.Multiplayer.Center.Common", "Unity.Multiplayer.Center.Common.csproj", "{CC272EC2-B63B-1E4B-B5F2-CFF31B6692AA}"
EndProject
Project("{FAE04EC0-301F-11D3-BF4B-00C04F79EFBC}") = "Assembly-CSharp", "Assembly-CSharp.csproj", "{A9F3F8A7-0300-4193-0C96-FD4DC92C795D}"
EndProject
Project("{FAE04EC0-301F-11D3-BF4B-00C04F79EFBC}") = "Unity.ProBuilder.KdTree", "Unity.ProBuilder.KdTree.csproj", "{042AEB55-7EDF-C2A4-D847-AADC1ACC92AE}"
EndProject
Project("{FAE04EC0-301F-11D3-BF4B-00C04F79EFBC}") = "Unity.ProBuilder.AddOns.Editor", "Unity.ProBuilder.AddOns.Editor.csproj", "{6BD0F8F7-1277-E72E-76AA-7328C6170DB6}"
EndProject
Project("{FAE04EC0-301F-11D3-BF4B-00C04F79EFBC}") = "Unity.RenderPipelines.Core.Runtime.Shared", "Unity.RenderPipelines.Core.Runtime.Shared.csproj", "{6E4578FA-6CD7-D97E-0E73-99E3E9B72D4D}"
EndProject
Project("{FAE04EC0-301F-11D3-BF4B-00C04F79EFBC}") = "Unity.RenderPipelines.Core.Editor.Shared", "Unity.RenderPipelines.Core.Editor.Shared.csproj", "{EED4ACDF-B7B9-15EC-9EE3-245023B53572}"
EndProject
Project("{FAE04EC0-301F-11D3-BF4B-00C04F79EFBC}") = "Unity.AI.Navigation", "Unity.AI.Navigation.csproj", "{BB558FCE-37A5-1D62-0A84-F20619B7C1F6}"
EndProject
Project("{FAE04EC0-301F-11D3-BF4B-00C04F79EFBC}") = "Unity.Collections.CodeGen", "Unity.Collections.CodeGen.csproj", "{A2C0458D-20D6-859B-C59F-BEC5DE688D02}"
EndProject
Project("{FAE04EC0-301F-11D3-BF4B-00C04F79EFBC}") = "Unity.VisualScripting.SettingsProvider.Editor", "Unity.VisualScripting.SettingsProvider.Editor.csproj", "{7B970B0A-EC64-B6C3-E045-F3D241FB8F85}"
EndProject
Project("{FAE04EC0-301F-11D3-BF4B-00C04F79EFBC}") = "UnityEditor.UI.Analytics", "UnityEditor.UI.Analytics.csproj", "{7E34085F-B3AC-4E37-022C-BA58C9B0C0DF}"
EndProject
Project("{FAE04EC0-301F-11D3-BF4B-00C04F79EFBC}") = "Unity.PathTracing.Runtime", "Unity.PathTracing.Runtime.csproj", "{B6CF08FA-774A-A4B2-8F90-66D496CC4F47}"
EndProject
Project("{FAE04EC0-301F-11D3-BF4B-00C04F79EFBC}") = "Unity.VSCode.Editor", "Unity.VSCode.Editor.csproj", "{3DD28133-9F8B-34DA-7271-6EA5B8518D24}"
EndProject
Project("{FAE04EC0-301F-11D3-BF4B-00C04F79EFBC}") = "Unity.PathTracing.Editor", "Unity.PathTracing.Editor.csproj", "{B01F2057-1684-D069-3553-A13DBBAACAE6}"
EndProject
Project("{FAE04EC0-301F-11D3-BF4B-00C04F79EFBC}") = "Unity.ProBuilder.AssetIdRemapUtility", "Unity.ProBuilder.AssetIdRemapUtility.csproj", "{02A8FC71-FCA4-2698-0659-02790D20231D}"
EndProject
Project("{FAE04EC0-301F-11D3-BF4B-00C04F79EFBC}") = "Unity.Settings.Editor", "Unity.Settings.Editor.csproj", "{1A6C2A19-BB3A-7770-11FE-18541E9C15E9}"
EndProject
Project("{FAE04EC0-301F-11D3-BF4B-00C04F79EFBC}") = "Unity.ShaderGraph.Utilities", "Unity.ShaderGraph.Utilities.csproj", "{44892DA5-2F95-54AA-3E8C-390043AD52E0}"
EndProject
Project("{FAE04EC0-301F-11D3-BF4B-00C04F79EFBC}") = "Unity.VisualScripting.Shared.Editor", "Unity.VisualScripting.Shared.Editor.csproj", "{6F18C4AB-155C-1654-276C-B0EE4F6332A8}"
EndProject
Project("{FAE04EC0-301F-11D3-BF4B-00C04F79EFBC}") = "Unity.EditorCoroutines.Editor", "Unity.EditorCoroutines.Editor.csproj", "{2AC4FE0E-0EFA-7D58-82C2-33F15C215813}"
EndProject
Project("{FAE04EC0-301F-11D3-BF4B-00C04F79EFBC}") = "Unity.SurfaceCache.Runtime", "Unity.SurfaceCache.Runtime.csproj", "{E6B02C16-0FF5-750F-E3DA-47C9F4416DD9}"
EndProject
Project("{FAE04EC0-301F-11D3-BF4B-00C04F79EFBC}") = "Unity.InternalAPIEngineBridge.RenderPipelines.Core.Runtime.Shared", "Unity.InternalAPIEngineBridge.RenderPipelines.Core.Runtime.Shared.csproj", "{E7A3E235-F21F-8F0C-2AC0-18975EA79184}"
EndProject
Project("{FAE04EC0-301F-11D3-BF4B-00C04F79EFBC}") = "Unity.CollabProxy.Editor", "Unity.CollabProxy.Editor.csproj", "{BD97DB8B-A8AC-3A20-F628-B49E290A64C9}"
EndProject
Project("{FAE04EC0-301F-11D3-BF4B-00C04F79EFBC}") = "Unity.InternalAPIEngineBridge.RenderPipelines.Core.Editor", "Unity.InternalAPIEngineBridge.RenderPipelines.Core.Editor.csproj", "{50EAF059-7781-D85C-D213-F39BB810E2EF}"
EndProject
Project("{FAE04EC0-301F-11D3-BF4B-00C04F79EFBC}") = "Unity.InternalAPIEngineBridge.004", "Unity.InternalAPIEngineBridge.004.csproj", "{DB0FA564-DD5C-C350-1D61-47F09E1C5815}"
EndProject
Project("{FAE04EC0-301F-11D3-BF4B-00C04F79EFBC}") = "Unity.InternalAPIEditorBridge.ShaderGraph.Editor", "Unity.InternalAPIEditorBridge.ShaderGraph.Editor.csproj", "{6A09D2ED-0A95-4641-3442-E0AB0B1C1E27}"
EndProject
Project("{FAE04EC0-301F-11D3-BF4B-00C04F79EFBC}") = "Unity.ProBuilder.Stl", "Unity.ProBuilder.Stl.csproj", "{D4BFC261-3184-B121-8751-4A10E9639A53}"
EndProject
Project("{FAE04EC0-301F-11D3-BF4B-00C04F79EFBC}") = "Unity.VisualScripting.DocCodeExamples", "Unity.VisualScripting.DocCodeExamples.csproj", "{2F925916-60E7-6D8D-43C2-5DDA3CA2B513}"
EndProject
Project("{FAE04EC0-301F-11D3-BF4B-00C04F79EFBC}") = "Unity.PlasticSCM.Editor.Entities", "Unity.PlasticSCM.Editor.Entities.csproj", "{CCB8D28F-B90E-780A-4354-D3CC72413050}"
EndProject
Project("{FAE04EC0-301F-11D3-BF4B-00C04F79EFBC}") = "Unity.Rendering.LightTransport.Editor", "Unity.Rendering.LightTransport.Editor.csproj", "{F78EF820-54FE-B22A-057D-A5ECDC9D06E6}"
EndProject
Project("{FAE04EC0-301F-11D3-BF4B-00C04F79EFBC}") = "Unity.Collections.Editor", "Unity.Collections.Editor.csproj", "{5E7CE5E2-01A7-4C9B-6AB6-8B33D7556DE6}"
EndProject
Project("{FAE04EC0-301F-11D3-BF4B-00C04F79EFBC}") = "Unity.Mathematics", "Unity.Mathematics.csproj", "{CA210AAC-E2A2-5125-D1DB-4A1B085A515E}"
EndProject
Project("{FAE04EC0-301F-11D3-BF4B-00C04F79EFBC}") = "Unity.RenderPipelines.ShaderGraph.ShaderGraphLibrary", "Unity.RenderPipelines.ShaderGraph.ShaderGraphLibrary.csproj", "{6A662A43-3B3E-89DB-075C-45E9910CF59B}"
EndProject
Project("{FAE04EC0-301F-11D3-BF4B-00C04F79EFBC}") = "Unity.RenderPipelines.Core.ShaderLibrary", "Unity.RenderPipelines.Core.ShaderLibrary.csproj", "{709C4BF1-E1A1-4DA6-7476-5A435401284B}"
EndProject
Project("{FAE04EC0-301F-11D3-BF4B-00C04F79EFBC}") = "Unity.Timeline", "Unity.Timeline.Player.csproj", "{C183B0CF-C483-0809-398E-5C73B30958A0}"
EndProject
Project("{FAE04EC0-301F-11D3-BF4B-00C04F79EFBC}") = "Unity.RenderPipelines.GPUDriven.Runtime", "Unity.RenderPipelines.GPUDriven.Runtime.Player.csproj", "{8ED2DD77-A981-0AC0-0B59-AE42CFCC4C73}"
EndProject
Project("{FAE04EC0-301F-11D3-BF4B-00C04F79EFBC}") = "Unity.ProBuilder", "Unity.ProBuilder.Player.csproj", "{ED66E0F1-823D-1BB5-FB09-2D958EAD428B}"
EndProject
Project("{FAE04EC0-301F-11D3-BF4B-00C04F79EFBC}") = "Unity.RenderPipelines.Core.Runtime", "Unity.RenderPipelines.Core.Runtime.Player.csproj", "{2936BF77-8681-870B-07AE-A129BD22EA07}"
EndProject
Project("{FAE04EC0-301F-11D3-BF4B-00C04F79EFBC}") = "Unity.Collections", "Unity.Collections.Player.csproj", "{4F544745-DFC3-49AB-E337-949B72D4CE1B}"
EndProject
Project("{FAE04EC0-301F-11D3-BF4B-00C04F79EFBC}") = "UnityEngine.UI", "UnityEngine.UI.Player.csproj", "{2CA63986-B141-7DBF-0159-F142EFAE510C}"
EndProject
Project("{FAE04EC0-301F-11D3-BF4B-00C04F79EFBC}") = "Unity.ProBuilder.Poly2Tri", "Unity.ProBuilder.Poly2Tri.Player.csproj", "{BF8047A4-D7C7-9426-D5FC-5D1718268429}"
EndProject
Project("{FAE04EC0-301F-11D3-BF4B-00C04F79EFBC}") = "UnityEngine.TestRunner", "UnityEngine.TestRunner.Player.csproj", "{10C3F611-77CA-D13B-9866-17587D15967E}"
EndProject
Project("{FAE04EC0-301F-11D3-BF4B-00C04F79EFBC}") = "Unity.Burst", "Unity.Burst.Player.csproj", "{11D1668B-226E-A71F-874C-35D4A5FEBFDC}"
EndProject
Project("{FAE04EC0-301F-11D3-BF4B-00C04F79EFBC}") = "Unity.ProBuilder.Csg", "Unity.ProBuilder.Csg.Player.csproj", "{34D28CBF-3D3C-BE06-5F7A-7816CC5B0DBF}"
EndProject
Project("{FAE04EC0-301F-11D3-BF4B-00C04F79EFBC}") = "Unity.VisualScripting.Core", "Unity.VisualScripting.Core.Player.csproj", "{EC19AAF5-1C84-DB69-3FFB-FB48D8FCBE06}"
EndProject
Project("{FAE04EC0-301F-11D3-BF4B-00C04F79EFBC}") = "Unity.UnifiedRayTracing.Runtime", "Unity.UnifiedRayTracing.Runtime.Player.csproj", "{EE7C95C4-C2D3-0950-C4CC-4AF69F3FEDBB}"
EndProject
Project("{FAE04EC0-301F-11D3-BF4B-00C04F79EFBC}") = "Unity.VisualScripting.Flow", "Unity.VisualScripting.Flow.Player.csproj", "{0B0C1D88-323A-9885-A1AB-6E8B041627CE}"
EndProject
Project("{FAE04EC0-301F-11D3-BF4B-00C04F79EFBC}") = "Unity.PerformanceTesting", "Unity.PerformanceTesting.Player.csproj", "{4C959E45-2FA6-ACEA-B59E-1B9A94AE74B3}"
EndProject
Project("{FAE04EC0-301F-11D3-BF4B-00C04F79EFBC}") = "Unity.TextMeshPro", "Unity.TextMeshPro.Player.csproj", "{B7CDEF5C-EE40-F3B8-0CFC-20875D063A83}"
EndProject
Project("{FAE04EC0-301F-11D3-BF4B-00C04F79EFBC}") = "Unity.VisualScripting.State", "Unity.VisualScripting.State.Player.csproj", "{646F6054-86FA-E5D6-B11A-53FC584660CD}"
EndProject
Project("{FAE04EC0-301F-11D3-BF4B-00C04F79EFBC}") = "Unity.Multiplayer.Center.Common", "Unity.Multiplayer.Center.Common.Player.csproj", "{0A9D7DF5-9E13-C062-DF0C-2CEED040067F}"
EndProject
Project("{FAE04EC0-301F-11D3-BF4B-00C04F79EFBC}") = "Assembly-CSharp", "Assembly-CSharp.Player.csproj", "{71C10F18-36A1-0443-E56E-AF3F07064462}"
EndProject
Project("{FAE04EC0-301F-11D3-BF4B-00C04F79EFBC}") = "Unity.ProBuilder.KdTree", "Unity.ProBuilder.KdTree.Player.csproj", "{AC00B136-2C6C-682A-D463-6BC2E98CCD9C}"
EndProject
Project("{FAE04EC0-301F-11D3-BF4B-00C04F79EFBC}") = "Unity.RenderPipelines.Core.Runtime.Shared", "Unity.RenderPipelines.Core.Runtime.Shared.Player.csproj", "{AFBFFEE1-6D07-F767-635E-AAFF8405D6ED}"
EndProject
Project("{FAE04EC0-301F-11D3-BF4B-00C04F79EFBC}") = "Unity.AI.Navigation", "Unity.AI.Navigation.Player.csproj", "{FEE2FC79-C385-CB13-E5DB-334029727689}"
EndProject
Project("{FAE04EC0-301F-11D3-BF4B-00C04F79EFBC}") = "Unity.PathTracing.Runtime", "Unity.PathTracing.Runtime.Player.csproj", "{A89A8A1D-BCE8-C087-E9F6-907937613C8D}"
EndProject
Project("{FAE04EC0-301F-11D3-BF4B-00C04F79EFBC}") = "Unity.SurfaceCache.Runtime", "Unity.SurfaceCache.Runtime.Player.csproj", "{131082C3-F034-A745-4109-132B47C36655}"
EndProject
Project("{FAE04EC0-301F-11D3-BF4B-00C04F79EFBC}") = "Unity.InternalAPIEngineBridge.RenderPipelines.Core.Runtime.Shared", "Unity.InternalAPIEngineBridge.RenderPipelines.Core.Runtime.Shared.Player.csproj", "{1768A188-5939-3A7A-ADA0-2B6F3CD88BA7}"
EndProject
Project("{FAE04EC0-301F-11D3-BF4B-00C04F79EFBC}") = "Unity.InternalAPIEngineBridge.004", "Unity.InternalAPIEngineBridge.004.Player.csproj", "{34DACD51-EBF1-77AE-255B-3500B3869340}"
EndProject
Project("{FAE04EC0-301F-11D3-BF4B-00C04F79EFBC}") = "Unity.ProBuilder.Stl", "Unity.ProBuilder.Stl.Player.csproj", "{717C712E-D030-A07D-7775-14D13E81FAFC}"
EndProject
Project("{FAE04EC0-301F-11D3-BF4B-00C04F79EFBC}") = "Unity.VisualScripting.DocCodeExamples", "Unity.VisualScripting.DocCodeExamples.Player.csproj", "{0BADBC92-413A-628B-0C20-807451A95852}"
EndProject
Project("{FAE04EC0-301F-11D3-BF4B-00C04F79EFBC}") = "Unity.Mathematics", "Unity.Mathematics.Player.csproj", "{A73A9B11-1204-23AF-2938-A6E97ED176B3}"
EndProject
Project("{FAE04EC0-301F-11D3-BF4B-00C04F79EFBC}") = "Unity.RenderPipelines.ShaderGraph.ShaderGraphLibrary", "Unity.RenderPipelines.ShaderGraph.ShaderGraphLibrary.Player.csproj", "{476DC05C-C87A-F557-9776-17F6D966F416}"
EndProject
Project("{FAE04EC0-301F-11D3-BF4B-00C04F79EFBC}") = "Unity.RenderPipelines.Core.ShaderLibrary", "Unity.RenderPipelines.Core.ShaderLibrary.Player.csproj", "{5159AE2D-A298-5B34-E8CC-C8DC001475C2}"
EndProject
Global
	GlobalSection(SolutionConfigurationPlatforms) = preSolution
		Debug|Any CPU = Debug|Any CPU
		Release|Any CPU = Release|Any CPU
	EndGlobalSection
	GlobalSection(ProjectConfigurationPlatforms) = postSolution
		{BD620523-3E32-3B70-8027-FA4E42DF747C}.Debug|Any CPU.ActiveCfg = Debug|Any CPU
		{BD620523-3E32-3B70-8027-FA4E42DF747C}.Debug|Any CPU.Build.0 = Debug|Any CPU
		{BD620523-3E32-3B70-8027-FA4E42DF747C}.Release|Any CPU.ActiveCfg = Release|Any CPU
		{BD620523-3E32-3B70-8027-FA4E42DF747C}.Release|Any CPU.Build.0 = Release|Any CPU
		{B1029A63-E1F4-AE24-B69C-3BB01056D4E9}.Debug|Any CPU.ActiveCfg = Debug|Any CPU
		{B1029A63-E1F4-AE24-B69C-3BB01056D4E9}.Debug|Any CPU.Build.0 = Debug|Any CPU
		{B1029A63-E1F4-AE24-B69C-3BB01056D4E9}.Release|Any CPU.ActiveCfg = Release|Any CPU
		{B1029A63-E1F4-AE24-B69C-3BB01056D4E9}.Release|Any CPU.Build.0 = Release|Any CPU
		{9B0053A7-9282-6D3C-786D-AC823FA555DF}.Debug|Any CPU.ActiveCfg = Debug|Any CPU
		{9B0053A7-9282-6D3C-786D-AC823FA555DF}.Debug|Any CPU.Build.0 = Debug|Any CPU
		{9B0053A7-9282-6D3C-786D-AC823FA555DF}.Release|Any CPU.ActiveCfg = Release|Any CPU
		{9B0053A7-9282-6D3C-786D-AC823FA555DF}.Release|Any CPU.Build.0 = Release|Any CPU
		{616BE898-B54A-FDAC-1892-B13D9B1230DE}.Debug|Any CPU.ActiveCfg = Debug|Any CPU
		{616BE898-B54A-FDAC-1892-B13D9B1230DE}.Debug|Any CPU.Build.0 = Debug|Any CPU
		{616BE898-B54A-FDAC-1892-B13D9B1230DE}.Release|Any CPU.ActiveCfg = Release|Any CPU
		{616BE898-B54A-FDAC-1892-B13D9B1230DE}.Release|Any CPU.Build.0 = Release|Any CPU
		{0ACE47E5-0BED-7CD5-198F-71EE0ED41FC3}.Debug|Any CPU.ActiveCfg = Debug|Any CPU
		{0ACE47E5-0BED-7CD5-198F-71EE0ED41FC3}.Debug|Any CPU.Build.0 = Debug|Any CPU
		{0ACE47E5-0BED-7CD5-198F-71EE0ED41FC3}.Release|Any CPU.ActiveCfg = Release|Any CPU
		{0ACE47E5-0BED-7CD5-198F-71EE0ED41FC3}.Release|Any CPU.Build.0 = Release|Any CPU
		{33E36DEB-553B-79B1-FBAC-B825970D068A}.Debug|Any CPU.ActiveCfg = Debug|Any CPU
		{33E36DEB-553B-79B1-FBAC-B825970D068A}.Debug|Any CPU.Build.0 = Debug|Any CPU
		{33E36DEB-553B-79B1-FBAC-B825970D068A}.Release|Any CPU.ActiveCfg = Release|Any CPU
		{33E36DEB-553B-79B1-FBAC-B825970D068A}.Release|Any CPU.Build.0 = Release|Any CPU
		{16D207FB-447D-F1F5-8C63-C1639B4CA932}.Debug|Any CPU.ActiveCfg = Debug|Any CPU
		{16D207FB-447D-F1F5-8C63-C1639B4CA932}.Debug|Any CPU.Build.0 = Debug|Any CPU
		{16D207FB-447D-F1F5-8C63-C1639B4CA932}.Release|Any CPU.ActiveCfg = Release|Any CPU
		{16D207FB-447D-F1F5-8C63-C1639B4CA932}.Release|Any CPU.Build.0 = Release|Any CPU
		{1E812E53-F3B1-2C2A-DEFF-BD95CE751864}.Debug|Any CPU.ActiveCfg = Debug|Any CPU
		{1E812E53-F3B1-2C2A-DEFF-BD95CE751864}.Debug|Any CPU.Build.0 = Debug|Any CPU
		{1E812E53-F3B1-2C2A-DEFF-BD95CE751864}.Release|Any CPU.ActiveCfg = Release|Any CPU
		{1E812E53-F3B1-2C2A-DEFF-BD95CE751864}.Release|Any CPU.Build.0 = Release|Any CPU
		{AEB86FA5-0C5B-9C2D-AD23-62CB1668BE7A}.Debug|Any CPU.ActiveCfg = Debug|Any CPU
		{AEB86FA5-0C5B-9C2D-AD23-62CB1668BE7A}.Debug|Any CPU.Build.0 = Debug|Any CPU
		{AEB86FA5-0C5B-9C2D-AD23-62CB1668BE7A}.Release|Any CPU.ActiveCfg = Release|Any CPU
		{AEB86FA5-0C5B-9C2D-AD23-62CB1668BE7A}.Release|Any CPU.Build.0 = Release|Any CPU
		{FC85FF99-66A4-DFE5-F076-CAE81F275A54}.Debug|Any CPU.ActiveCfg = Debug|Any CPU
		{FC85FF99-66A4-DFE5-F076-CAE81F275A54}.Debug|Any CPU.Build.0 = Debug|Any CPU
		{FC85FF99-66A4-DFE5-F076-CAE81F275A54}.Release|Any CPU.ActiveCfg = Release|Any CPU
		{FC85FF99-66A4-DFE5-F076-CAE81F275A54}.Release|Any CPU.Build.0 = Release|Any CPU
		{E2188863-BCFF-F708-5C4D-6F7F5D92DF39}.Debug|Any CPU.ActiveCfg = Debug|Any CPU
		{E2188863-BCFF-F708-5C4D-6F7F5D92DF39}.Debug|Any CPU.Build.0 = Debug|Any CPU
		{E2188863-BCFF-F708-5C4D-6F7F5D92DF39}.Release|Any CPU.ActiveCfg = Release|Any CPU
		{E2188863-BCFF-F708-5C4D-6F7F5D92DF39}.Release|Any CPU.Build.0 = Release|Any CPU
		{15CF401A-2319-3D80-DB05-C06CE26B06D9}.Debug|Any CPU.ActiveCfg = Debug|Any CPU
		{15CF401A-2319-3D80-DB05-C06CE26B06D9}.Debug|Any CPU.Build.0 = Debug|Any CPU
		{15CF401A-2319-3D80-DB05-C06CE26B06D9}.Release|Any CPU.ActiveCfg = Release|Any CPU
		{15CF401A-2319-3D80-DB05-C06CE26B06D9}.Release|Any CPU.Build.0 = Release|Any CPU
		{D30E535E-1BB7-D442-8F2D-8CF17C281DF9}.Debug|Any CPU.ActiveCfg = Debug|Any CPU
		{D30E535E-1BB7-D442-8F2D-8CF17C281DF9}.Debug|Any CPU.Build.0 = Debug|Any CPU
		{D30E535E-1BB7-D442-8F2D-8CF17C281DF9}.Release|Any CPU.ActiveCfg = Release|Any CPU
		{D30E535E-1BB7-D442-8F2D-8CF17C281DF9}.Release|Any CPU.Build.0 = Release|Any CPU
		{A83C112A-24E5-29A8-55B9-28BC89FF3835}.Debug|Any CPU.ActiveCfg = Debug|Any CPU
		{A83C112A-24E5-29A8-55B9-28BC89FF3835}.Debug|Any CPU.Build.0 = Debug|Any CPU
		{A83C112A-24E5-29A8-55B9-28BC89FF3835}.Release|Any CPU.ActiveCfg = Release|Any CPU
		{A83C112A-24E5-29A8-55B9-28BC89FF3835}.Release|Any CPU.Build.0 = Release|Any CPU
		{32C95826-66E7-FF86-918B-DD5192453134}.Debug|Any CPU.ActiveCfg = Debug|Any CPU
		{32C95826-66E7-FF86-918B-DD5192453134}.Debug|Any CPU.Build.0 = Debug|Any CPU
		{32C95826-66E7-FF86-918B-DD5192453134}.Release|Any CPU.ActiveCfg = Release|Any CPU
		{32C95826-66E7-FF86-918B-DD5192453134}.Release|Any CPU.Build.0 = Release|Any CPU
		{7252AA32-D36B-993C-510D-5276B16A58F3}.Debug|Any CPU.ActiveCfg = Debug|Any CPU
		{7252AA32-D36B-993C-510D-5276B16A58F3}.Debug|Any CPU.Build.0 = Debug|Any CPU
		{7252AA32-D36B-993C-510D-5276B16A58F3}.Release|Any CPU.ActiveCfg = Release|Any CPU
		{7252AA32-D36B-993C-510D-5276B16A58F3}.Release|Any CPU.Build.0 = Release|Any CPU
		{B3880E07-7477-C62D-251B-559C87EB04E9}.Debug|Any CPU.ActiveCfg = Debug|Any CPU
		{B3880E07-7477-C62D-251B-559C87EB04E9}.Debug|Any CPU.Build.0 = Debug|Any CPU
		{B3880E07-7477-C62D-251B-559C87EB04E9}.Release|Any CPU.ActiveCfg = Release|Any CPU
		{B3880E07-7477-C62D-251B-559C87EB04E9}.Release|Any CPU.Build.0 = Release|Any CPU
		{ED828B17-BE5F-6FFC-C629-9FFF3760220F}.Debug|Any CPU.ActiveCfg = Debug|Any CPU
		{ED828B17-BE5F-6FFC-C629-9FFF3760220F}.Debug|Any CPU.Build.0 = Debug|Any CPU
		{ED828B17-BE5F-6FFC-C629-9FFF3760220F}.Release|Any CPU.ActiveCfg = Release|Any CPU
		{ED828B17-BE5F-6FFC-C629-9FFF3760220F}.Release|Any CPU.Build.0 = Release|Any CPU
		{8312722E-3831-635D-FBD2-309DD6A07658}.Debug|Any CPU.ActiveCfg = Debug|Any CPU
		{8312722E-3831-635D-FBD2-309DD6A07658}.Debug|Any CPU.Build.0 = Debug|Any CPU
		{8312722E-3831-635D-FBD2-309DD6A07658}.Release|Any CPU.ActiveCfg = Release|Any CPU
		{8312722E-3831-635D-FBD2-309DD6A07658}.Release|Any CPU.Build.0 = Release|Any CPU
		{9808C528-3B94-5B86-DCD0-2562F24CA7E9}.Debug|Any CPU.ActiveCfg = Debug|Any CPU
		{9808C528-3B94-5B86-DCD0-2562F24CA7E9}.Debug|Any CPU.Build.0 = Debug|Any CPU
		{9808C528-3B94-5B86-DCD0-2562F24CA7E9}.Release|Any CPU.ActiveCfg = Release|Any CPU
		{9808C528-3B94-5B86-DCD0-2562F24CA7E9}.Release|Any CPU.Build.0 = Release|Any CPU
		{9860FFED-D409-8F56-2B75-0FEA0CE61AFA}.Debug|Any CPU.ActiveCfg = Debug|Any CPU
		{9860FFED-D409-8F56-2B75-0FEA0CE61AFA}.Debug|Any CPU.Build.0 = Debug|Any CPU
		{9860FFED-D409-8F56-2B75-0FEA0CE61AFA}.Release|Any CPU.ActiveCfg = Release|Any CPU
		{9860FFED-D409-8F56-2B75-0FEA0CE61AFA}.Release|Any CPU.Build.0 = Release|Any CPU
		{46BC6760-99B6-C534-E1DC-96A5C726D19A}.Debug|Any CPU.ActiveCfg = Debug|Any CPU
		{46BC6760-99B6-C534-E1DC-96A5C726D19A}.Debug|Any CPU.Build.0 = Debug|Any CPU
		{46BC6760-99B6-C534-E1DC-96A5C726D19A}.Release|Any CPU.ActiveCfg = Release|Any CPU
		{46BC6760-99B6-C534-E1DC-96A5C726D19A}.Release|Any CPU.Build.0 = Release|Any CPU
		{566232E7-4E51-F8AD-749F-648F0612709B}.Debug|Any CPU.ActiveCfg = Debug|Any CPU
		{566232E7-4E51-F8AD-749F-648F0612709B}.Debug|Any CPU.Build.0 = Debug|Any CPU
		{566232E7-4E51-F8AD-749F-648F0612709B}.Release|Any CPU.ActiveCfg = Release|Any CPU
		{566232E7-4E51-F8AD-749F-648F0612709B}.Release|Any CPU.Build.0 = Release|Any CPU
		{4D578DCB-2D29-D421-0761-48E5D3E00256}.Debug|Any CPU.ActiveCfg = Debug|Any CPU
		{4D578DCB-2D29-D421-0761-48E5D3E00256}.Debug|Any CPU.Build.0 = Debug|Any CPU
		{4D578DCB-2D29-D421-0761-48E5D3E00256}.Release|Any CPU.ActiveCfg = Release|Any CPU
		{4D578DCB-2D29-D421-0761-48E5D3E00256}.Release|Any CPU.Build.0 = Release|Any CPU
		{7B692FC9-D475-7337-E63F-0288D23A2CC8}.Debug|Any CPU.ActiveCfg = Debug|Any CPU
		{7B692FC9-D475-7337-E63F-0288D23A2CC8}.Debug|Any CPU.Build.0 = Debug|Any CPU
		{7B692FC9-D475-7337-E63F-0288D23A2CC8}.Release|Any CPU.ActiveCfg = Release|Any CPU
		{7B692FC9-D475-7337-E63F-0288D23A2CC8}.Release|Any CPU.Build.0 = Release|Any CPU
		{DBC27081-CA9D-2DA4-8236-1D6DD893F04B}.Debug|Any CPU.ActiveCfg = Debug|Any CPU
		{DBC27081-CA9D-2DA4-8236-1D6DD893F04B}.Debug|Any CPU.Build.0 = Debug|Any CPU
		{DBC27081-CA9D-2DA4-8236-1D6DD893F04B}.Release|Any CPU.ActiveCfg = Release|Any CPU
		{DBC27081-CA9D-2DA4-8236-1D6DD893F04B}.Release|Any CPU.Build.0 = Release|Any CPU
		{907DA4B8-0B01-D0BA-CB5B-FDE765AAFAC4}.Debug|Any CPU.ActiveCfg = Debug|Any CPU
		{907DA4B8-0B01-D0BA-CB5B-FDE765AAFAC4}.Debug|Any CPU.Build.0 = Debug|Any CPU
		{907DA4B8-0B01-D0BA-CB5B-FDE765AAFAC4}.Release|Any CPU.ActiveCfg = Release|Any CPU
		{907DA4B8-0B01-D0BA-CB5B-FDE765AAFAC4}.Release|Any CPU.Build.0 = Release|Any CPU
		{34E5C4A0-2DAE-A048-5A2F-ED0C8B49D560}.Debug|Any CPU.ActiveCfg = Debug|Any CPU
		{34E5C4A0-2DAE-A048-5A2F-ED0C8B49D560}.Debug|Any CPU.Build.0 = Debug|Any CPU
		{34E5C4A0-2DAE-A048-5A2F-ED0C8B49D560}.Release|Any CPU.ActiveCfg = Release|Any CPU
		{34E5C4A0-2DAE-A048-5A2F-ED0C8B49D560}.Release|Any CPU.Build.0 = Release|Any CPU
		{AB2B774C-3321-8CFF-8B0A-D02EE6BEA698}.Debug|Any CPU.ActiveCfg = Debug|Any CPU
		{AB2B774C-3321-8CFF-8B0A-D02EE6BEA698}.Debug|Any CPU.Build.0 = Debug|Any CPU
		{AB2B774C-3321-8CFF-8B0A-D02EE6BEA698}.Release|Any CPU.ActiveCfg = Release|Any CPU
		{AB2B774C-3321-8CFF-8B0A-D02EE6BEA698}.Release|Any CPU.Build.0 = Release|Any CPU
		{2D289B8D-0AD7-BDF0-8D12-AD587B3518F3}.Debug|Any CPU.ActiveCfg = Debug|Any CPU
		{2D289B8D-0AD7-BDF0-8D12-AD587B3518F3}.Debug|Any CPU.Build.0 = Debug|Any CPU
		{2D289B8D-0AD7-BDF0-8D12-AD587B3518F3}.Release|Any CPU.ActiveCfg = Release|Any CPU
		{2D289B8D-0AD7-BDF0-8D12-AD587B3518F3}.Release|Any CPU.Build.0 = Release|Any CPU
		{81516DEF-EE5F-52BC-64FB-40ACC4C9CF97}.Debug|Any CPU.ActiveCfg = Debug|Any CPU
		{81516DEF-EE5F-52BC-64FB-40ACC4C9CF97}.Debug|Any CPU.Build.0 = Debug|Any CPU
		{81516DEF-EE5F-52BC-64FB-40ACC4C9CF97}.Release|Any CPU.ActiveCfg = Release|Any CPU
		{81516DEF-EE5F-52BC-64FB-40ACC4C9CF97}.Release|Any CPU.Build.0 = Release|Any CPU
		{99856EE1-4038-9632-EDFF-7D3E16061D4D}.Debug|Any CPU.ActiveCfg = Debug|Any CPU
		{99856EE1-4038-9632-EDFF-7D3E16061D4D}.Debug|Any CPU.Build.0 = Debug|Any CPU
		{99856EE1-4038-9632-EDFF-7D3E16061D4D}.Release|Any CPU.ActiveCfg = Release|Any CPU
		{99856EE1-4038-9632-EDFF-7D3E16061D4D}.Release|Any CPU.Build.0 = Release|Any CPU
		{BAEE3A70-2FEE-2F1A-2DF0-9EF58FC1ADE6}.Debug|Any CPU.ActiveCfg = Debug|Any CPU
		{BAEE3A70-2FEE-2F1A-2DF0-9EF58FC1ADE6}.Debug|Any CPU.Build.0 = Debug|Any CPU
		{BAEE3A70-2FEE-2F1A-2DF0-9EF58FC1ADE6}.Release|Any CPU.ActiveCfg = Release|Any CPU
		{BAEE3A70-2FEE-2F1A-2DF0-9EF58FC1ADE6}.Release|Any CPU.Build.0 = Release|Any CPU
		{F3133916-79DB-ABB4-CD4E-75112F879E42}.Debug|Any CPU.ActiveCfg = Debug|Any CPU
		{F3133916-79DB-ABB4-CD4E-75112F879E42}.Debug|Any CPU.Build.0 = Debug|Any CPU
		{F3133916-79DB-ABB4-CD4E-75112F879E42}.Release|Any CPU.ActiveCfg = Release|Any CPU
		{F3133916-79DB-ABB4-CD4E-75112F879E42}.Release|Any CPU.Build.0 = Release|Any CPU
		{88C4C5AC-D7EC-DF58-EC9E-E6F8BA0699A8}.Debug|Any CPU.ActiveCfg = Debug|Any CPU
		{88C4C5AC-D7EC-DF58-EC9E-E6F8BA0699A8}.Debug|Any CPU.Build.0 = Debug|Any CPU
		{88C4C5AC-D7EC-DF58-EC9E-E6F8BA0699A8}.Release|Any CPU.ActiveCfg = Release|Any CPU
		{88C4C5AC-D7EC-DF58-EC9E-E6F8BA0699A8}.Release|Any CPU.Build.0 = Release|Any CPU
		{6EEE263A-77ED-2D6C-98C8-1188274BF316}.Debug|Any CPU.ActiveCfg = Debug|Any CPU
		{6EEE263A-77ED-2D6C-98C8-1188274BF316}.Debug|Any CPU.Build.0 = Debug|Any CPU
		{6EEE263A-77ED-2D6C-98C8-1188274BF316}.Release|Any CPU.ActiveCfg = Release|Any CPU
		{6EEE263A-77ED-2D6C-98C8-1188274BF316}.Release|Any CPU.Build.0 = Release|Any CPU
		{873C0C9E-8321-048F-72F8-0340C2125FFA}.Debug|Any CPU.ActiveCfg = Debug|Any CPU
		{873C0C9E-8321-048F-72F8-0340C2125FFA}.Debug|Any CPU.Build.0 = Debug|Any CPU
		{873C0C9E-8321-048F-72F8-0340C2125FFA}.Release|Any CPU.ActiveCfg = Release|Any CPU
		{873C0C9E-8321-048F-72F8-0340C2125FFA}.Release|Any CPU.Build.0 = Release|Any CPU
		{4589CFD7-2DBB-5453-0620-FFB522F41714}.Debug|Any CPU.ActiveCfg = Debug|Any CPU
		{4589CFD7-2DBB-5453-0620-FFB522F41714}.Debug|Any CPU.Build.0 = Debug|Any CPU
		{4589CFD7-2DBB-5453-0620-FFB522F41714}.Release|Any CPU.ActiveCfg = Release|Any CPU
		{4589CFD7-2DBB-5453-0620-FFB522F41714}.Release|Any CPU.Build.0 = Release|Any CPU
		{DDFC79B1-8F7B-5FFF-261F-F17C722EA882}.Debug|Any CPU.ActiveCfg = Debug|Any CPU
		{DDFC79B1-8F7B-5FFF-261F-F17C722EA882}.Debug|Any CPU.Build.0 = Debug|Any CPU
		{DDFC79B1-8F7B-5FFF-261F-F17C722EA882}.Release|Any CPU.ActiveCfg = Release|Any CPU
		{DDFC79B1-8F7B-5FFF-261F-F17C722EA882}.Release|Any CPU.Build.0 = Release|Any CPU
		{ED35437E-D2EA-58DF-79AC-8CDD88874135}.Debug|Any CPU.ActiveCfg = Debug|Any CPU
		{ED35437E-D2EA-58DF-79AC-8CDD88874135}.Debug|Any CPU.Build.0 = Debug|Any CPU
		{ED35437E-D2EA-58DF-79AC-8CDD88874135}.Release|Any CPU.ActiveCfg = Release|Any CPU
		{ED35437E-D2EA-58DF-79AC-8CDD88874135}.Release|Any CPU.Build.0 = Release|Any CPU
		{9CC12002-2ACE-6610-AFBE-DD6320797D94}.Debug|Any CPU.ActiveCfg = Debug|Any CPU
		{9CC12002-2ACE-6610-AFBE-DD6320797D94}.Debug|Any CPU.Build.0 = Debug|Any CPU
		{9CC12002-2ACE-6610-AFBE-DD6320797D94}.Release|Any CPU.ActiveCfg = Release|Any CPU
		{9CC12002-2ACE-6610-AFBE-DD6320797D94}.Release|Any CPU.Build.0 = Release|Any CPU
		{CC272EC2-B63B-1E4B-B5F2-CFF31B6692AA}.Debug|Any CPU.ActiveCfg = Debug|Any CPU
		{CC272EC2-B63B-1E4B-B5F2-CFF31B6692AA}.Debug|Any CPU.Build.0 = Debug|Any CPU
		{CC272EC2-B63B-1E4B-B5F2-CFF31B6692AA}.Release|Any CPU.ActiveCfg = Release|Any CPU
		{CC272EC2-B63B-1E4B-B5F2-CFF31B6692AA}.Release|Any CPU.Build.0 = Release|Any CPU
		{A9F3F8A7-0300-4193-0C96-FD4DC92C795D}.Debug|Any CPU.ActiveCfg = Debug|Any CPU
		{A9F3F8A7-0300-4193-0C96-FD4DC92C795D}.Debug|Any CPU.Build.0 = Debug|Any CPU
		{A9F3F8A7-0300-4193-0C96-FD4DC92C795D}.Release|Any CPU.ActiveCfg = Release|Any CPU
		{A9F3F8A7-0300-4193-0C96-FD4DC92C795D}.Release|Any CPU.Build.0 = Release|Any CPU
		{042AEB55-7EDF-C2A4-D847-AADC1ACC92AE}.Debug|Any CPU.ActiveCfg = Debug|Any CPU
		{042AEB55-7EDF-C2A4-D847-AADC1ACC92AE}.Debug|Any CPU.Build.0 = Debug|Any CPU
		{042AEB55-7EDF-C2A4-D847-AADC1ACC92AE}.Release|Any CPU.ActiveCfg = Release|Any CPU
		{042AEB55-7EDF-C2A4-D847-AADC1ACC92AE}.Release|Any CPU.Build.0 = Release|Any CPU
		{6BD0F8F7-1277-E72E-76AA-7328C6170DB6}.Debug|Any CPU.ActiveCfg = Debug|Any CPU
		{6BD0F8F7-1277-E72E-76AA-7328C6170DB6}.Debug|Any CPU.Build.0 = Debug|Any CPU
		{6BD0F8F7-1277-E72E-76AA-7328C6170DB6}.Release|Any CPU.ActiveCfg = Release|Any CPU
		{6BD0F8F7-1277-E72E-76AA-7328C6170DB6}.Release|Any CPU.Build.0 = Release|Any CPU
		{6E4578FA-6CD7-D97E-0E73-99E3E9B72D4D}.Debug|Any CPU.ActiveCfg = Debug|Any CPU
		{6E4578FA-6CD7-D97E-0E73-99E3E9B72D4D}.Debug|Any CPU.Build.0 = Debug|Any CPU
		{6E4578FA-6CD7-D97E-0E73-99E3E9B72D4D}.Release|Any CPU.ActiveCfg = Release|Any CPU
		{6E4578FA-6CD7-D97E-0E73-99E3E9B72D4D}.Release|Any CPU.Build.0 = Release|Any CPU
		{EED4ACDF-B7B9-15EC-9EE3-245023B53572}.Debug|Any CPU.ActiveCfg = Debug|Any CPU
		{EED4ACDF-B7B9-15EC-9EE3-245023B53572}.Debug|Any CPU.Build.0 = Debug|Any CPU
		{EED4ACDF-B7B9-15EC-9EE3-245023B53572}.Release|Any CPU.ActiveCfg = Release|Any CPU
		{EED4ACDF-B7B9-15EC-9EE3-245023B53572}.Release|Any CPU.Build.0 = Release|Any CPU
		{BB558FCE-37A5-1D62-0A84-F20619B7C1F6}.Debug|Any CPU.ActiveCfg = Debug|Any CPU
		{BB558FCE-37A5-1D62-0A84-F20619B7C1F6}.Debug|Any CPU.Build.0 = Debug|Any CPU
		{BB558FCE-37A5-1D62-0A84-F20619B7C1F6}.Release|Any CPU.ActiveCfg = Release|Any CPU
		{BB558FCE-37A5-1D62-0A84-F20619B7C1F6}.Release|Any CPU.Build.0 = Release|Any CPU
		{A2C0458D-20D6-859B-C59F-BEC5DE688D02}.Debug|Any CPU.ActiveCfg = Debug|Any CPU
		{A2C0458D-20D6-859B-C59F-BEC5DE688D02}.Debug|Any CPU.Build.0 = Debug|Any CPU
		{A2C0458D-20D6-859B-C59F-BEC5DE688D02}.Release|Any CPU.ActiveCfg = Release|Any CPU
		{A2C0458D-20D6-859B-C59F-BEC5DE688D02}.Release|Any CPU.Build.0 = Release|Any CPU
		{7B970B0A-EC64-B6C3-E045-F3D241FB8F85}.Debug|Any CPU.ActiveCfg = Debug|Any CPU
		{7B970B0A-EC64-B6C3-E045-F3D241FB8F85}.Debug|Any CPU.Build.0 = Debug|Any CPU
		{7B970B0A-EC64-B6C3-E045-F3D241FB8F85}.Release|Any CPU.ActiveCfg = Release|Any CPU
		{7B970B0A-EC64-B6C3-E045-F3D241FB8F85}.Release|Any CPU.Build.0 = Release|Any CPU
		{7E34085F-B3AC-4E37-022C-BA58C9B0C0DF}.Debug|Any CPU.ActiveCfg = Debug|Any CPU
		{7E34085F-B3AC-4E37-022C-BA58C9B0C0DF}.Debug|Any CPU.Build.0 = Debug|Any CPU
		{7E34085F-B3AC-4E37-022C-BA58C9B0C0DF}.Release|Any CPU.ActiveCfg = Release|Any CPU
		{7E34085F-B3AC-4E37-022C-BA58C9B0C0DF}.Release|Any CPU.Build.0 = Release|Any CPU
		{B6CF08FA-774A-A4B2-8F90-66D496CC4F47}.Debug|Any CPU.ActiveCfg = Debug|Any CPU
		{B6CF08FA-774A-A4B2-8F90-66D496CC4F47}.Debug|Any CPU.Build.0 = Debug|Any CPU
		{B6CF08FA-774A-A4B2-8F90-66D496CC4F47}.Release|Any CPU.ActiveCfg = Release|Any CPU
		{B6CF08FA-774A-A4B2-8F90-66D496CC4F47}.Release|Any CPU.Build.0 = Release|Any CPU
		{3DD28133-9F8B-34DA-7271-6EA5B8518D24}.Debug|Any CPU.ActiveCfg = Debug|Any CPU
		{3DD28133-9F8B-34DA-7271-6EA5B8518D24}.Debug|Any CPU.Build.0 = Debug|Any CPU
		{3DD28133-9F8B-34DA-7271-6EA5B8518D24}.Release|Any CPU.ActiveCfg = Release|Any CPU
		{3DD28133-9F8B-34DA-7271-6EA5B8518D24}.Release|Any CPU.Build.0 = Release|Any CPU
		{B01F2057-1684-D069-3553-A13DBBAACAE6}.Debug|Any CPU.ActiveCfg = Debug|Any CPU
		{B01F2057-1684-D069-3553-A13DBBAACAE6}.Debug|Any CPU.Build.0 = Debug|Any CPU
		{B01F2057-1684-D069-3553-A13DBBAACAE6}.Release|Any CPU.ActiveCfg = Release|Any CPU
		{B01F2057-1684-D069-3553-A13DBBAACAE6}.Release|Any CPU.Build.0 = Release|Any CPU
		{02A8FC71-FCA4-2698-0659-02790D20231D}.Debug|Any CPU.ActiveCfg = Debug|Any CPU
		{02A8FC71-FCA4-2698-0659-02790D20231D}.Debug|Any CPU.Build.0 = Debug|Any CPU
		{02A8FC71-FCA4-2698-0659-02790D20231D}.Release|Any CPU.ActiveCfg = Release|Any CPU
		{02A8FC71-FCA4-2698-0659-02790D20231D}.Release|Any CPU.Build.0 = Release|Any CPU
		{1A6C2A19-BB3A-7770-11FE-18541E9C15E9}.Debug|Any CPU.ActiveCfg = Debug|Any CPU
		{1A6C2A19-BB3A-7770-11FE-18541E9C15E9}.Debug|Any CPU.Build.0 = Debug|Any CPU
		{1A6C2A19-BB3A-7770-11FE-18541E9C15E9}.Release|Any CPU.ActiveCfg = Release|Any CPU
		{1A6C2A19-BB3A-7770-11FE-18541E9C15E9}.Release|Any CPU.Build.0 = Release|Any CPU
		{44892DA5-2F95-54AA-3E8C-390043AD52E0}.Debug|Any CPU.ActiveCfg = Debug|Any CPU
		{44892DA5-2F95-54AA-3E8C-390043AD52E0}.Debug|Any CPU.Build.0 = Debug|Any CPU
		{44892DA5-2F95-54AA-3E8C-390043AD52E0}.Release|Any CPU.ActiveCfg = Release|Any CPU
		{44892DA5-2F95-54AA-3E8C-390043AD52E0}.Release|Any CPU.Build.0 = Release|Any CPU
		{6F18C4AB-155C-1654-276C-B0EE4F6332A8}.Debug|Any CPU.ActiveCfg = Debug|Any CPU
		{6F18C4AB-155C-1654-276C-B0EE4F6332A8}.Debug|Any CPU.Build.0 = Debug|Any CPU
		{6F18C4AB-155C-1654-276C-B0EE4F6332A8}.Release|Any CPU.ActiveCfg = Release|Any CPU
		{6F18C4AB-155C-1654-276C-B0EE4F6332A8}.Release|Any CPU.Build.0 = Release|Any CPU
		{2AC4FE0E-0EFA-7D58-82C2-33F15C215813}.Debug|Any CPU.ActiveCfg = Debug|Any CPU
		{2AC4FE0E-0EFA-7D58-82C2-33F15C215813}.Debug|Any CPU.Build.0 = Debug|Any CPU
		{2AC4FE0E-0EFA-7D58-82C2-33F15C215813}.Release|Any CPU.ActiveCfg = Release|Any CPU
		{2AC4FE0E-0EFA-7D58-82C2-33F15C215813}.Release|Any CPU.Build.0 = Release|Any CPU
		{E6B02C16-0FF5-750F-E3DA-47C9F4416DD9}.Debug|Any CPU.ActiveCfg = Debug|Any CPU
		{E6B02C16-0FF5-750F-E3DA-47C9F4416DD9}.Debug|Any CPU.Build.0 = Debug|Any CPU
		{E6B02C16-0FF5-750F-E3DA-47C9F4416DD9}.Release|Any CPU.ActiveCfg = Release|Any CPU
		{E6B02C16-0FF5-750F-E3DA-47C9F4416DD9}.Release|Any CPU.Build.0 = Release|Any CPU
		{E7A3E235-F21F-8F0C-2AC0-18975EA79184}.Debug|Any CPU.ActiveCfg = Debug|Any CPU
		{E7A3E235-F21F-8F0C-2AC0-18975EA79184}.Debug|Any CPU.Build.0 = Debug|Any CPU
		{E7A3E235-F21F-8F0C-2AC0-18975EA79184}.Release|Any CPU.ActiveCfg = Release|Any CPU
		{E7A3E235-F21F-8F0C-2AC0-18975EA79184}.Release|Any CPU.Build.0 = Release|Any CPU
		{BD97DB8B-A8AC-3A20-F628-B49E290A64C9}.Debug|Any CPU.ActiveCfg = Debug|Any CPU
		{BD97DB8B-A8AC-3A20-F628-B49E290A64C9}.Debug|Any CPU.Build.0 = Debug|Any CPU
		{BD97DB8B-A8AC-3A20-F628-B49E290A64C9}.Release|Any CPU.ActiveCfg = Release|Any CPU
		{BD97DB8B-A8AC-3A20-F628-B49E290A64C9}.Release|Any CPU.Build.0 = Release|Any CPU
		{50EAF059-7781-D85C-D213-F39BB810E2EF}.Debug|Any CPU.ActiveCfg = Debug|Any CPU
		{50EAF059-7781-D85C-D213-F39BB810E2EF}.Debug|Any CPU.Build.0 = Debug|Any CPU
		{50EAF059-7781-D85C-D213-F39BB810E2EF}.Release|Any CPU.ActiveCfg = Release|Any CPU
		{50EAF059-7781-D85C-D213-F39BB810E2EF}.Release|Any CPU.Build.0 = Release|Any CPU
		{DB0FA564-DD5C-C350-1D61-47F09E1C5815}.Debug|Any CPU.ActiveCfg = Debug|Any CPU
		{DB0FA564-DD5C-C350-1D61-47F09E1C5815}.Debug|Any CPU.Build.0 = Debug|Any CPU
		{DB0FA564-DD5C-C350-1D61-47F09E1C5815}.Release|Any CPU.ActiveCfg = Release|Any CPU
		{DB0FA564-DD5C-C350-1D61-47F09E1C5815}.Release|Any CPU.Build.0 = Release|Any CPU
		{6A09D2ED-0A95-4641-3442-E0AB0B1C1E27}.Debug|Any CPU.ActiveCfg = Debug|Any CPU
		{6A09D2ED-0A95-4641-3442-E0AB0B1C1E27}.Debug|Any CPU.Build.0 = Debug|Any CPU
		{6A09D2ED-0A95-4641-3442-E0AB0B1C1E27}.Release|Any CPU.ActiveCfg = Release|Any CPU
		{6A09D2ED-0A95-4641-3442-E0AB0B1C1E27}.Release|Any CPU.Build.0 = Release|Any CPU
		{D4BFC261-3184-B121-8751-4A10E9639A53}.Debug|Any CPU.ActiveCfg = Debug|Any CPU
		{D4BFC261-3184-B121-8751-4A10E9639A53}.Debug|Any CPU.Build.0 = Debug|Any CPU
		{D4BFC261-3184-B121-8751-4A10E9639A53}.Release|Any CPU.ActiveCfg = Release|Any CPU
		{D4BFC261-3184-B121-8751-4A10E9639A53}.Release|Any CPU.Build.0 = Release|Any CPU
		{2F925916-60E7-6D8D-43C2-5DDA3CA2B513}.Debug|Any CPU.ActiveCfg = Debug|Any CPU
		{2F925916-60E7-6D8D-43C2-5DDA3CA2B513}.Debug|Any CPU.Build.0 = Debug|Any CPU
		{2F925916-60E7-6D8D-43C2-5DDA3CA2B513}.Release|Any CPU.ActiveCfg = Release|Any CPU
		{2F925916-60E7-6D8D-43C2-5DDA3CA2B513}.Release|Any CPU.Build.0 = Release|Any CPU
		{CCB8D28F-B90E-780A-4354-D3CC72413050}.Debug|Any CPU.ActiveCfg = Debug|Any CPU
		{CCB8D28F-B90E-780A-4354-D3CC72413050}.Debug|Any CPU.Build.0 = Debug|Any CPU
		{CCB8D28F-B90E-780A-4354-D3CC72413050}.Release|Any CPU.ActiveCfg = Release|Any CPU
		{CCB8D28F-B90E-780A-4354-D3CC72413050}.Release|Any CPU.Build.0 = Release|Any CPU
		{F78EF820-54FE-B22A-057D-A5ECDC9D06E6}.Debug|Any CPU.ActiveCfg = Debug|Any CPU
		{F78EF820-54FE-B22A-057D-A5ECDC9D06E6}.Debug|Any CPU.Build.0 = Debug|Any CPU
		{F78EF820-54FE-B22A-057D-A5ECDC9D06E6}.Release|Any CPU.ActiveCfg = Release|Any CPU
		{F78EF820-54FE-B22A-057D-A5ECDC9D06E6}.Release|Any CPU.Build.0 = Release|Any CPU
		{5E7CE5E2-01A7-4C9B-6AB6-8B33D7556DE6}.Debug|Any CPU.ActiveCfg = Debug|Any CPU
		{5E7CE5E2-01A7-4C9B-6AB6-8B33D7556DE6}.Debug|Any CPU.Build.0 = Debug|Any CPU
		{5E7CE5E2-01A7-4C9B-6AB6-8B33D7556DE6}.Release|Any CPU.ActiveCfg = Release|Any CPU
		{5E7CE5E2-01A7-4C9B-6AB6-8B33D7556DE6}.Release|Any CPU.Build.0 = Release|Any CPU
		{CA210AAC-E2A2-5125-D1DB-4A1B085A515E}.Debug|Any CPU.ActiveCfg = Debug|Any CPU
		{CA210AAC-E2A2-5125-D1DB-4A1B085A515E}.Debug|Any CPU.Build.0 = Debug|Any CPU
		{CA210AAC-E2A2-5125-D1DB-4A1B085A515E}.Release|Any CPU.ActiveCfg = Release|Any CPU
		{CA210AAC-E2A2-5125-D1DB-4A1B085A515E}.Release|Any CPU.Build.0 = Release|Any CPU
		{6A662A43-3B3E-89DB-075C-45E9910CF59B}.Debug|Any CPU.ActiveCfg = Debug|Any CPU
		{6A662A43-3B3E-89DB-075C-45E9910CF59B}.Debug|Any CPU.Build.0 = Debug|Any CPU
		{6A662A43-3B3E-89DB-075C-45E9910CF59B}.Release|Any CPU.ActiveCfg = Release|Any CPU
		{6A662A43-3B3E-89DB-075C-45E9910CF59B}.Release|Any CPU.Build.0 = Release|Any CPU
		{709C4BF1-E1A1-4DA6-7476-5A435401284B}.Debug|Any CPU.ActiveCfg = Debug|Any CPU
		{709C4BF1-E1A1-4DA6-7476-5A435401284B}.Debug|Any CPU.Build.0 = Debug|Any CPU
		{709C4BF1-E1A1-4DA6-7476-5A435401284B}.Release|Any CPU.ActiveCfg = Release|Any CPU
		{709C4BF1-E1A1-4DA6-7476-5A435401284B}.Release|Any CPU.Build.0 = Release|Any CPU
		{C183B0CF-C483-0809-398E-5C73B30958A0}.Debug|Any CPU.ActiveCfg = Debug|Any CPU
		{C183B0CF-C483-0809-398E-5C73B30958A0}.Debug|Any CPU.Build.0 = Debug|Any CPU
		{C183B0CF-C483-0809-398E-5C73B30958A0}.Release|Any CPU.ActiveCfg = Release|Any CPU
		{C183B0CF-C483-0809-398E-5C73B30958A0}.Release|Any CPU.Build.0 = Release|Any CPU
		{8ED2DD77-A981-0AC0-0B59-AE42CFCC4C73}.Debug|Any CPU.ActiveCfg = Debug|Any CPU
		{8ED2DD77-A981-0AC0-0B59-AE42CFCC4C73}.Debug|Any CPU.Build.0 = Debug|Any CPU
		{8ED2DD77-A981-0AC0-0B59-AE42CFCC4C73}.Release|Any CPU.ActiveCfg = Release|Any CPU
		{8ED2DD77-A981-0AC0-0B59-AE42CFCC4C73}.Release|Any CPU.Build.0 = Release|Any CPU
		{ED66E0F1-823D-1BB5-FB09-2D958EAD428B}.Debug|Any CPU.ActiveCfg = Debug|Any CPU
		{ED66E0F1-823D-1BB5-FB09-2D958EAD428B}.Debug|Any CPU.Build.0 = Debug|Any CPU
		{ED66E0F1-823D-1BB5-FB09-2D958EAD428B}.Release|Any CPU.ActiveCfg = Release|Any CPU
		{ED66E0F1-823D-1BB5-FB09-2D958EAD428B}.Release|Any CPU.Build.0 = Release|Any CPU
		{2936BF77-8681-870B-07AE-A129BD22EA07}.Debug|Any CPU.ActiveCfg = Debug|Any CPU
		{2936BF77-8681-870B-07AE-A129BD22EA07}.Debug|Any CPU.Build.0 = Debug|Any CPU
		{2936BF77-8681-870B-07AE-A129BD22EA07}.Release|Any CPU.ActiveCfg = Release|Any CPU
		{2936BF77-8681-870B-07AE-A129BD22EA07}.Release|Any CPU.Build.0 = Release|Any CPU
		{4F544745-DFC3-49AB-E337-949B72D4CE1B}.Debug|Any CPU.ActiveCfg = Debug|Any CPU
		{4F544745-DFC3-49AB-E337-949B72D4CE1B}.Debug|Any CPU.Build.0 = Debug|Any CPU
		{4F544745-DFC3-49AB-E337-949B72D4CE1B}.Release|Any CPU.ActiveCfg = Release|Any CPU
		{4F544745-DFC3-49AB-E337-949B72D4CE1B}.Release|Any CPU.Build.0 = Release|Any CPU
		{2CA63986-B141-7DBF-0159-F142EFAE510C}.Debug|Any CPU.ActiveCfg = Debug|Any CPU
		{2CA63986-B141-7DBF-0159-F142EFAE510C}.Debug|Any CPU.Build.0 = Debug|Any CPU
		{2CA63986-B141-7DBF-0159-F142EFAE510C}.Release|Any CPU.ActiveCfg = Release|Any CPU
		{2CA63986-B141-7DBF-0159-F142EFAE510C}.Release|Any CPU.Build.0 = Release|Any CPU
		{BF8047A4-D7C7-9426-D5FC-5D1718268429}.Debug|Any CPU.ActiveCfg = Debug|Any CPU
		{BF8047A4-D7C7-9426-D5FC-5D1718268429}.Debug|Any CPU.Build.0 = Debug|Any CPU
		{BF8047A4-D7C7-9426-D5FC-5D1718268429}.Release|Any CPU.ActiveCfg = Release|Any CPU
		{BF8047A4-D7C7-9426-D5FC-5D1718268429}.Release|Any CPU.Build.0 = Release|Any CPU
		{10C3F611-77CA-D13B-9866-17587D15967E}.Debug|Any CPU.ActiveCfg = Debug|Any CPU
		{10C3F611-77CA-D13B-9866-17587D15967E}.Debug|Any CPU.Build.0 = Debug|Any CPU
		{10C3F611-77CA-D13B-9866-17587D15967E}.Release|Any CPU.ActiveCfg = Release|Any CPU
		{10C3F611-77CA-D13B-9866-17587D15967E}.Release|Any CPU.Build.0 = Release|Any CPU
		{11D1668B-226E-A71F-874C-35D4A5FEBFDC}.Debug|Any CPU.ActiveCfg = Debug|Any CPU
		{11D1668B-226E-A71F-874C-35D4A5FEBFDC}.Debug|Any CPU.Build.0 = Debug|Any CPU
		{11D1668B-226E-A71F-874C-35D4A5FEBFDC}.Release|Any CPU.ActiveCfg = Release|Any CPU
		{11D1668B-226E-A71F-874C-35D4A5FEBFDC}.Release|Any CPU.Build.0 = Release|Any CPU
		{34D28CBF-3D3C-BE06-5F7A-7816CC5B0DBF}.Debug|Any CPU.ActiveCfg = Debug|Any CPU
		{34D28CBF-3D3C-BE06-5F7A-7816CC5B0DBF}.Debug|Any CPU.Build.0 = Debug|Any CPU
		{34D28CBF-3D3C-BE06-5F7A-7816CC5B0DBF}.Release|Any CPU.ActiveCfg = Release|Any CPU
		{34D28CBF-3D3C-BE06-5F7A-7816CC5B0DBF}.Release|Any CPU.Build.0 = Release|Any CPU
		{EC19AAF5-1C84-DB69-3FFB-FB48D8FCBE06}.Debug|Any CPU.ActiveCfg = Debug|Any CPU
		{EC19AAF5-1C84-DB69-3FFB-FB48D8FCBE06}.Debug|Any CPU.Build.0 = Debug|Any CPU
		{EC19AAF5-1C84-DB69-3FFB-FB48D8FCBE06}.Release|Any CPU.ActiveCfg = Release|Any CPU
		{EC19AAF5-1C84-DB69-3FFB-FB48D8FCBE06}.Release|Any CPU.Build.0 = Release|Any CPU
		{EE7C95C4-C2D3-0950-C4CC-4AF69F3FEDBB}.Debug|Any CPU.ActiveCfg = Debug|Any CPU
		{EE7C95C4-C2D3-0950-C4CC-4AF69F3FEDBB}.Debug|Any CPU.Build.0 = Debug|Any CPU
		{EE7C95C4-C2D3-0950-C4CC-4AF69F3FEDBB}.Release|Any CPU.ActiveCfg = Release|Any CPU
		{EE7C95C4-C2D3-0950-C4CC-4AF69F3FEDBB}.Release|Any CPU.Build.0 = Release|Any CPU
		{0B0C1D88-323A-9885-A1AB-6E8B041627CE}.Debug|Any CPU.ActiveCfg = Debug|Any CPU
		{0B0C1D88-323A-9885-A1AB-6E8B041627CE}.Debug|Any CPU.Build.0 = Debug|Any CPU
		{0B0C1D88-323A-9885-A1AB-6E8B041627CE}.Release|Any CPU.ActiveCfg = Release|Any CPU
		{0B0C1D88-323A-9885-A1AB-6E8B041627CE}.Release|Any CPU.Build.0 = Release|Any CPU
		{4C959E45-2FA6-ACEA-B59E-1B9A94AE74B3}.Debug|Any CPU.ActiveCfg = Debug|Any CPU
		{4C959E45-2FA6-ACEA-B59E-1B9A94AE74B3}.Debug|Any CPU.Build.0 = Debug|Any CPU
		{4C959E45-2FA6-ACEA-B59E-1B9A94AE74B3}.Release|Any CPU.ActiveCfg = Release|Any CPU
		{4C959E45-2FA6-ACEA-B59E-1B9A94AE74B3}.Release|Any CPU.Build.0 = Release|Any CPU
		{B7CDEF5C-EE40-F3B8-0CFC-20875D063A83}.Debug|Any CPU.ActiveCfg = Debug|Any CPU
		{B7CDEF5C-EE40-F3B8-0CFC-20875D063A83}.Debug|Any CPU.Build.0 = Debug|Any CPU
		{B7CDEF5C-EE40-F3B8-0CFC-20875D063A83}.Release|Any CPU.ActiveCfg = Release|Any CPU
		{B7CDEF5C-EE40-F3B8-0CFC-20875D063A83}.Release|Any CPU.Build.0 = Release|Any CPU
		{646F6054-86FA-E5D6-B11A-53FC584660CD}.Debug|Any CPU.ActiveCfg = Debug|Any CPU
		{646F6054-86FA-E5D6-B11A-53FC584660CD}.Debug|Any CPU.Build.0 = Debug|Any CPU
		{646F6054-86FA-E5D6-B11A-53FC584660CD}.Release|Any CPU.ActiveCfg = Release|Any CPU
		{646F6054-86FA-E5D6-B11A-53FC584660CD}.Release|Any CPU.Build.0 = Release|Any CPU
		{0A9D7DF5-9E13-C062-DF0C-2CEED040067F}.Debug|Any CPU.ActiveCfg = Debug|Any CPU
		{0A9D7DF5-9E13-C062-DF0C-2CEED040067F}.Debug|Any CPU.Build.0 = Debug|Any CPU
		{0A9D7DF5-9E13-C062-DF0C-2CEED040067F}.Release|Any CPU.ActiveCfg = Release|Any CPU
		{0A9D7DF5-9E13-C062-DF0C-2CEED040067F}.Release|Any CPU.Build.0 = Release|Any CPU
		{71C10F18-36A1-0443-E56E-AF3F07064462}.Debug|Any CPU.ActiveCfg = Debug|Any CPU
		{71C10F18-36A1-0443-E56E-AF3F07064462}.Debug|Any CPU.Build.0 = Debug|Any CPU
		{71C10F18-36A1-0443-E56E-AF3F07064462}.Release|Any CPU.ActiveCfg = Release|Any CPU
		{71C10F18-36A1-0443-E56E-AF3F07064462}.Release|Any CPU.Build.0 = Release|Any CPU
		{AC00B136-2C6C-682A-D463-6BC2E98CCD9C}.Debug|Any CPU.ActiveCfg = Debug|Any CPU
		{AC00B136-2C6C-682A-D463-6BC2E98CCD9C}.Debug|Any CPU.Build.0 = Debug|Any CPU
		{AC00B136-2C6C-682A-D463-6BC2E98CCD9C}.Release|Any CPU.ActiveCfg = Release|Any CPU
		{AC00B136-2C6C-682A-D463-6BC2E98CCD9C}.Release|Any CPU.Build.0 = Release|Any CPU
		{AFBFFEE1-6D07-F767-635E-AAFF8405D6ED}.Debug|Any CPU.ActiveCfg = Debug|Any CPU
		{AFBFFEE1-6D07-F767-635E-AAFF8405D6ED}.Debug|Any CPU.Build.0 = Debug|Any CPU
		{AFBFFEE1-6D07-F767-635E-AAFF8405D6ED}.Release|Any CPU.ActiveCfg = Release|Any CPU
		{AFBFFEE1-6D07-F767-635E-AAFF8405D6ED}.Release|Any CPU.Build.0 = Release|Any CPU
		{FEE2FC79-C385-CB13-E5DB-334029727689}.Debug|Any CPU.ActiveCfg = Debug|Any CPU
		{FEE2FC79-C385-CB13-E5DB-334029727689}.Debug|Any CPU.Build.0 = Debug|Any CPU
		{FEE2FC79-C385-CB13-E5DB-334029727689}.Release|Any CPU.ActiveCfg = Release|Any CPU
		{FEE2FC79-C385-CB13-E5DB-334029727689}.Release|Any CPU.Build.0 = Release|Any CPU
		{A89A8A1D-BCE8-C087-E9F6-907937613C8D}.Debug|Any CPU.ActiveCfg = Debug|Any CPU
		{A89A8A1D-BCE8-C087-E9F6-907937613C8D}.Debug|Any CPU.Build.0 = Debug|Any CPU
		{A89A8A1D-BCE8-C087-E9F6-907937613C8D}.Release|Any CPU.ActiveCfg = Release|Any CPU
		{A89A8A1D-BCE8-C087-E9F6-907937613C8D}.Release|Any CPU.Build.0 = Release|Any CPU
		{131082C3-F034-A745-4109-132B47C36655}.Debug|Any CPU.ActiveCfg = Debug|Any CPU
		{131082C3-F034-A745-4109-132B47C36655}.Debug|Any CPU.Build.0 = Debug|Any CPU
		{131082C3-F034-A745-4109-132B47C36655}.Release|Any CPU.ActiveCfg = Release|Any CPU
		{131082C3-F034-A745-4109-132B47C36655}.Release|Any CPU.Build.0 = Release|Any CPU
		{1768A188-5939-3A7A-ADA0-2B6F3CD88BA7}.Debug|Any CPU.ActiveCfg = Debug|Any CPU
		{1768A188-5939-3A7A-ADA0-2B6F3CD88BA7}.Debug|Any CPU.Build.0 = Debug|Any CPU
		{1768A188-5939-3A7A-ADA0-2B6F3CD88BA7}.Release|Any CPU.ActiveCfg = Release|Any CPU
		{1768A188-5939-3A7A-ADA0-2B6F3CD88BA7}.Release|Any CPU.Build.0 = Release|Any CPU
		{34DACD51-EBF1-77AE-255B-3500B3869340}.Debug|Any CPU.ActiveCfg = Debug|Any CPU
		{34DACD51-EBF1-77AE-255B-3500B3869340}.Debug|Any CPU.Build.0 = Debug|Any CPU
		{34DACD51-EBF1-77AE-255B-3500B3869340}.Release|Any CPU.ActiveCfg = Release|Any CPU
		{34DACD51-EBF1-77AE-255B-3500B3869340}.Release|Any CPU.Build.0 = Release|Any CPU
		{717C712E-D030-A07D-7775-14D13E81FAFC}.Debug|Any CPU.ActiveCfg = Debug|Any CPU
		{717C712E-D030-A07D-7775-14D13E81FAFC}.Debug|Any CPU.Build.0 = Debug|Any CPU
		{717C712E-D030-A07D-7775-14D13E81FAFC}.Release|Any CPU.ActiveCfg = Release|Any CPU
		{717C712E-D030-A07D-7775-14D13E81FAFC}.Release|Any CPU.Build.0 = Release|Any CPU
		{0BADBC92-413A-628B-0C20-807451A95852}.Debug|Any CPU.ActiveCfg = Debug|Any CPU
		{0BADBC92-413A-628B-0C20-807451A95852}.Debug|Any CPU.Build.0 = Debug|Any CPU
		{0BADBC92-413A-628B-0C20-807451A95852}.Release|Any CPU.ActiveCfg = Release|Any CPU
		{0BADBC92-413A-628B-0C20-807451A95852}.Release|Any CPU.Build.0 = Release|Any CPU
		{A73A9B11-1204-23AF-2938-A6E97ED176B3}.Debug|Any CPU.ActiveCfg = Debug|Any CPU
		{A73A9B11-1204-23AF-2938-A6E97ED176B3}.Debug|Any CPU.Build.0 = Debug|Any CPU
		{A73A9B11-1204-23AF-2938-A6E97ED176B3}.Release|Any CPU.ActiveCfg = Release|Any CPU
		{A73A9B11-1204-23AF-2938-A6E97ED176B3}.Release|Any CPU.Build.0 = Release|Any CPU
		{476DC05C-C87A-F557-9776-17F6D966F416}.Debug|Any CPU.ActiveCfg = Debug|Any CPU
		{476DC05C-C87A-F557-9776-17F6D966F416}.Debug|Any CPU.Build.0 = Debug|Any CPU
		{476DC05C-C87A-F557-9776-17F6D966F416}.Release|Any CPU.ActiveCfg = Release|Any CPU
		{476DC05C-C87A-F557-9776-17F6D966F416}.Release|Any CPU.Build.0 = Release|Any CPU
		{5159AE2D-A298-5B34-E8CC-C8DC001475C2}.Debug|Any CPU.ActiveCfg = Debug|Any CPU
		{5159AE2D-A298-5B34-E8CC-C8DC001475C2}.Debug|Any CPU.Build.0 = Debug|Any CPU
		{5159AE2D-A298-5B34-E8CC-C8DC001475C2}.Release|Any CPU.ActiveCfg = Release|Any CPU
		{5159AE2D-A298-5B34-E8CC-C8DC001475C2}.Release|Any CPU.Build.0 = Release|Any CPU
	EndGlobalSection
	GlobalSection(SolutionProperties) = preSolution
		HideSolutionNode = FALSE
	EndGlobalSection
EndGlobal
